// !$*UTF8*$!
{
	archiveVersion = 1;
	classes = {
	};
	objectVersion = 56;
	objects = {

/* Begin PBXBuildFile section */
		DDD6969A2AE08690003DE5E4 /* AppDelegate.swift in Sources */ = {isa = PBXBuildFile; fileRef = DDD696992AE08690003DE5E4 /* AppDelegate.swift */; };
		DDD6969C2AE08690003DE5E4 /* SceneDelegate.swift in Sources */ = {isa = PBXBuildFile; fileRef = DDD6969B2AE08690003DE5E4 /* SceneDelegate.swift */; };
		DDD6969E2AE08690003DE5E4 /* ViewController.swift in Sources */ = {isa = PBXBuildFile; fileRef = DDD6969D2AE08690003DE5E4 /* ViewController.swift */; };
		DDD696A12AE08690003DE5E4 /* Main.storyboard in Resources */ = {isa = PBXBuildFile; fileRef = DDD6969F2AE08690003DE5E4 /* Main.storyboard */; };
		DDD696A32AE08691003DE5E4 /* Assets.xcassets in Resources */ = {isa = PBXBuildFile; fileRef = DDD696A22AE08691003DE5E4 /* Assets.xcassets */; };
		DDD696A62AE08691003DE5E4 /* LaunchScreen.storyboard in Resources */ = {isa = PBXBuildFile; fileRef = DDD696A42AE08691003DE5E4 /* LaunchScreen.storyboard */; };
		DDD696B12AE08692003DE5E4 /* LoginNeobisTests.swift in Sources */ = {isa = PBXBuildFile; fileRef = DDD696B02AE08692003DE5E4 /* LoginNeobisTests.swift */; };
		DDD696BB2AE08692003DE5E4 /* LoginNeobisUITests.swift in Sources */ = {isa = PBXBuildFile; fileRef = DDD696BA2AE08692003DE5E4 /* LoginNeobisUITests.swift */; };
		DDD696BD2AE08692003DE5E4 /* LoginNeobisUITestsLaunchTests.swift in Sources */ = {isa = PBXBuildFile; fileRef = DDD696BC2AE08692003DE5E4 /* LoginNeobisUITestsLaunchTests.swift */; };
/* End PBXBuildFile section */

/* Begin PBXContainerItemProxy section */
		DDD696AD2AE08692003DE5E4 /* PBXContainerItemProxy */ = {
			isa = PBXContainerItemProxy;
			containerPortal = DDD6968E2AE0868F003DE5E4 /* Project object */;
			proxyType = 1;
			remoteGlobalIDString = DDD696952AE08690003DE5E4;
			remoteInfo = LoginNeobis;
		};
		DDD696B72AE08692003DE5E4 /* PBXContainerItemProxy */ = {
			isa = PBXContainerItemProxy;
			containerPortal = DDD6968E2AE0868F003DE5E4 /* Project object */;
			proxyType = 1;
			remoteGlobalIDString = DDD696952AE08690003DE5E4;
			remoteInfo = LoginNeobis;
		};
/* End PBXContainerItemProxy section */

/* Begin PBXFileReference section */
		DDD696962AE08690003DE5E4 /* LoginNeobis.app */ = {isa = PBXFileReference; explicitFileType = wrapper.application; includeInIndex = 0; path = LoginNeobis.app; sourceTree = BUILT_PRODUCTS_DIR; };
		DDD696992AE08690003DE5E4 /* AppDelegate.swift */ = {isa = PBXFileReference; lastKnownFileType = sourcecode.swift; path = AppDelegate.swift; sourceTree = "<group>"; };
		DDD6969B2AE08690003DE5E4 /* SceneDelegate.swift */ = {isa = PBXFileReference; lastKnownFileType = sourcecode.swift; path = SceneDelegate.swift; sourceTree = "<group>"; };
		DDD6969D2AE08690003DE5E4 /* ViewController.swift */ = {isa = PBXFileReference; lastKnownFileType = sourcecode.swift; path = ViewController.swift; sourceTree = "<group>"; };
		DDD696A02AE08690003DE5E4 /* Base */ = {isa = PBXFileReference; lastKnownFileType = file.storyboard; name = Base; path = Base.lproj/Main.storyboard; sourceTree = "<group>"; };
		DDD696A22AE08691003DE5E4 /* Assets.xcassets */ = {isa = PBXFileReference; lastKnownFileType = folder.assetcatalog; path = Assets.xcassets; sourceTree = "<group>"; };
		DDD696A52AE08691003DE5E4 /* Base */ = {isa = PBXFileReference; lastKnownFileType = file.storyboard; name = Base; path = Base.lproj/LaunchScreen.storyboard; sourceTree = "<group>"; };
		DDD696A72AE08691003DE5E4 /* Info.plist */ = {isa = PBXFileReference; lastKnownFileType = text.plist.xml; path = Info.plist; sourceTree = "<group>"; };
		DDD696AC2AE08692003DE5E4 /* LoginNeobisTests.xctest */ = {isa = PBXFileReference; explicitFileType = wrapper.cfbundle; includeInIndex = 0; path = LoginNeobisTests.xctest; sourceTree = BUILT_PRODUCTS_DIR; };
		DDD696B02AE08692003DE5E4 /* LoginNeobisTests.swift */ = {isa = PBXFileReference; lastKnownFileType = sourcecode.swift; path = LoginNeobisTests.swift; sourceTree = "<group>"; };
		DDD696B62AE08692003DE5E4 /* LoginNeobisUITests.xctest */ = {isa = PBXFileReference; explicitFileType = wrapper.cfbundle; includeInIndex = 0; path = LoginNeobisUITests.xctest; sourceTree = BUILT_PRODUCTS_DIR; };
		DDD696BA2AE08692003DE5E4 /* LoginNeobisUITests.swift */ = {isa = PBXFileReference; lastKnownFileType = sourcecode.swift; path = LoginNeobisUITests.swift; sourceTree = "<group>"; };
		DDD696BC2AE08692003DE5E4 /* LoginNeobisUITestsLaunchTests.swift */ = {isa = PBXFileReference; lastKnownFileType = sourcecode.swift; path = LoginNeobisUITestsLaunchTests.swift; sourceTree = "<group>"; };
/* End PBXFileReference section */

/* Begin PBXFrameworksBuildPhase section */
		DDD696932AE08690003DE5E4 /* Frameworks */ = {
			isa = PBXFrameworksBuildPhase;
			buildActionMask = 2147483647;
			files = (
			);
			runOnlyForDeploymentPostprocessing = 0;
		};
		DDD696A92AE08692003DE5E4 /* Frameworks */ = {
			isa = PBXFrameworksBuildPhase;
			buildActionMask = 2147483647;
			files = (
			);
			runOnlyForDeploymentPostprocessing = 0;
		};
		DDD696B32AE08692003DE5E4 /* Frameworks */ = {
			isa = PBXFrameworksBuildPhase;
			buildActionMask = 2147483647;
			files = (
			);
			runOnlyForDeploymentPostprocessing = 0;
		};
/* End PBXFrameworksBuildPhase section */

/* Begin PBXGroup section */
		DDD6968D2AE0868F003DE5E4 = {
			isa = PBXGroup;
			children = (
				DDD696982AE08690003DE5E4 /* LoginNeobis */,
				DDD696AF2AE08692003DE5E4 /* LoginNeobisTests */,
				DDD696B92AE08692003DE5E4 /* LoginNeobisUITests */,
				DDD696972AE08690003DE5E4 /* Products */,
			);
			sourceTree = "<group>";
		};
		DDD696972AE08690003DE5E4 /* Products */ = {
			isa = PBXGroup;
			children = (
				DDD696962AE08690003DE5E4 /* LoginNeobis.app */,
				DDD696AC2AE08692003DE5E4 /* LoginNeobisTests.xctest */,
				DDD696B62AE08692003DE5E4 /* LoginNeobisUITests.xctest */,
			);
			name = Products;
			sourceTree = "<group>";
		};
		DDD696982AE08690003DE5E4 /* LoginNeobis */ = {
			isa = PBXGroup;
			children = (
				DDD696992AE08690003DE5E4 /* AppDelegate.swift */,
				DDD6969B2AE08690003DE5E4 /* SceneDelegate.swift */,
				DDD6969D2AE08690003DE5E4 /* ViewController.swift */,
				DDD6969F2AE08690003DE5E4 /* Main.storyboard */,
				DDD696A22AE08691003DE5E4 /* Assets.xcassets */,
				DDD696A42AE08691003DE5E4 /* LaunchScreen.storyboard */,
				DDD696A72AE08691003DE5E4 /* Info.plist */,
			);
			path = LoginNeobis;
			sourceTree = "<group>";
		};
		DDD696AF2AE08692003DE5E4 /* LoginNeobisTests */ = {
			isa = PBXGroup;
			children = (
				DDD696B02AE08692003DE5E4 /* LoginNeobisTests.swift */,
			);
			path = LoginNeobisTests;
			sourceTree = "<group>";
		};
		DDD696B92AE08692003DE5E4 /* LoginNeobisUITests */ = {
			isa = PBXGroup;
			children = (
				DDD696BA2AE08692003DE5E4 /* LoginNeobisUITests.swift */,
				DDD696BC2AE08692003DE5E4 /* LoginNeobisUITestsLaunchTests.swift */,
			);
			path = LoginNeobisUITests;
			sourceTree = "<group>";
		};
/* End PBXGroup section */

/* Begin PBXNativeTarget section */
		DDD696952AE08690003DE5E4 /* LoginNeobis */ = {
			isa = PBXNativeTarget;
			buildConfigurationList = DDD696C02AE08692003DE5E4 /* Build configuration list for PBXNativeTarget "LoginNeobis" */;
			buildPhases = (
				DDD696922AE08690003DE5E4 /* Sources */,
				DDD696932AE08690003DE5E4 /* Frameworks */,
				DDD696942AE08690003DE5E4 /* Resources */,
			);
			buildRules = (
			);
			dependencies = (
			);
			name = LoginNeobis;
			productName = LoginNeobis;
			productReference = DDD696962AE08690003DE5E4 /* LoginNeobis.app */;
			productType = "com.apple.product-type.application";
		};
		DDD696AB2AE08692003DE5E4 /* LoginNeobisTests */ = {
			isa = PBXNativeTarget;
			buildConfigurationList = DDD696C32AE08692003DE5E4 /* Build configuration list for PBXNativeTarget "LoginNeobisTests" */;
			buildPhases = (
				DDD696A82AE08692003DE5E4 /* Sources */,
				DDD696A92AE08692003DE5E4 /* Frameworks */,
				DDD696AA2AE08692003DE5E4 /* Resources */,
			);
			buildRules = (
			);
			dependencies = (
				DDD696AE2AE08692003DE5E4 /* PBXTargetDependency */,
			);
			name = LoginNeobisTests;
			productName = LoginNeobisTests;
			productReference = DDD696AC2AE08692003DE5E4 /* LoginNeobisTests.xctest */;
			productType = "com.apple.product-type.bundle.unit-test";
		};
		DDD696B52AE08692003DE5E4 /* LoginNeobisUITests */ = {
			isa = PBXNativeTarget;
			buildConfigurationList = DDD696C62AE08692003DE5E4 /* Build configuration list for PBXNativeTarget "LoginNeobisUITests" */;
			buildPhases = (
				DDD696B22AE08692003DE5E4 /* Sources */,
				DDD696B32AE08692003DE5E4 /* Frameworks */,
				DDD696B42AE08692003DE5E4 /* Resources */,
			);
			buildRules = (
			);
			dependencies = (
				DDD696B82AE08692003DE5E4 /* PBXTargetDependency */,
			);
			name = LoginNeobisUITests;
			productName = LoginNeobisUITests;
			productReference = DDD696B62AE08692003DE5E4 /* LoginNeobisUITests.xctest */;
			productType = "com.apple.product-type.bundle.ui-testing";
		};
/* End PBXNativeTarget section */

/* Begin PBXProject section */
		DDD6968E2AE0868F003DE5E4 /* Project object */ = {
			isa = PBXProject;
			attributes = {
				BuildIndependentTargetsInParallel = 1;
				LastSwiftUpdateCheck = 1500;
				LastUpgradeCheck = 1500;
				TargetAttributes = {
					DDD696952AE08690003DE5E4 = {
						CreatedOnToolsVersion = 15.0;
					};
					DDD696AB2AE08692003DE5E4 = {
						CreatedOnToolsVersion = 15.0;
						TestTargetID = DDD696952AE08690003DE5E4;
					};
					DDD696B52AE08692003DE5E4 = {
						CreatedOnToolsVersion = 15.0;
						TestTargetID = DDD696952AE08690003DE5E4;
					};
				};
			};
			buildConfigurationList = DDD696912AE0868F003DE5E4 /* Build configuration list for PBXProject "LoginNeobis" */;
			compatibilityVersion = "Xcode 14.0";
			developmentRegion = en;
			hasScannedForEncodings = 0;
			knownRegions = (
				en,
				Base,
			);
			mainGroup = DDD6968D2AE0868F003DE5E4;
			productRefGroup = DDD696972AE08690003DE5E4 /* Products */;
			projectDirPath = "";
			projectRoot = "";
			targets = (
				DDD696952AE08690003DE5E4 /* LoginNeobis */,
				DDD696AB2AE08692003DE5E4 /* LoginNeobisTests */,
				DDD696B52AE08692003DE5E4 /* LoginNeobisUITests */,
			);
		};
/* End PBXProject section */

/* Begin PBXResourcesBuildPhase section */
		DDD696942AE08690003DE5E4 /* Resources */ = {
			isa = PBXResourcesBuildPhase;
			buildActionMask = 2147483647;
			files = (
				DDD696A62AE08691003DE5E4 /* LaunchScreen.storyboard in Resources */,
				DDD696A32AE08691003DE5E4 /* Assets.xcassets in Resources */,
				DDD696A12AE08690003DE5E4 /* Main.storyboard in Resources */,
			);
			runOnlyForDeploymentPostprocessing = 0;
		};
		DDD696AA2AE08692003DE5E4 /* Resources */ = {
			isa = PBXResourcesBuildPhase;
			buildActionMask = 2147483647;
			files = (
			);
			runOnlyForDeploymentPostprocessing = 0;
		};
		DDD696B42AE08692003DE5E4 /* Resources */ = {
			isa = PBXResourcesBuildPhase;
			buildActionMask = 2147483647;
			files = (
			);
			runOnlyForDeploymentPostprocessing = 0;
		};
/* End PBXResourcesBuildPhase section */

/* Begin PBXSourcesBuildPhase section */
		DDD696922AE08690003DE5E4 /* Sources */ = {
			isa = PBXSourcesBuildPhase;
			buildActionMask = 2147483647;
			files = (
				DDD6969E2AE08690003DE5E4 /* ViewController.swift in Sources */,
				DDD6969A2AE08690003DE5E4 /* AppDelegate.swift in Sources */,
				DDD6969C2AE08690003DE5E4 /* SceneDelegate.swift in Sources */,
			);
			runOnlyForDeploymentPostprocessing = 0;
		};
		DDD696A82AE08692003DE5E4 /* Sources */ = {
			isa = PBXSourcesBuildPhase;
			buildActionMask = 2147483647;
			files = (
				DDD696B12AE08692003DE5E4 /* LoginNeobisTests.swift in Sources */,
			);
			runOnlyForDeploymentPostprocessing = 0;
		};
		DDD696B22AE08692003DE5E4 /* Sources */ = {
			isa = PBXSourcesBuildPhase;
			buildActionMask = 2147483647;
			files = (
				DDD696BD2AE08692003DE5E4 /* LoginNeobisUITestsLaunchTests.swift in Sources */,
				DDD696BB2AE08692003DE5E4 /* LoginNeobisUITests.swift in Sources */,
			);
			runOnlyForDeploymentPostprocessing = 0;
		};
/* End PBXSourcesBuildPhase section */

/* Begin PBXTargetDependency section */
		DDD696AE2AE08692003DE5E4 /* PBXTargetDependency */ = {
			isa = PBXTargetDependency;
			target = DDD696952AE08690003DE5E4 /* LoginNeobis */;
			targetProxy = DDD696AD2AE08692003DE5E4 /* PBXContainerItemProxy */;
		};
		DDD696B82AE08692003DE5E4 /* PBXTargetDependency */ = {
			isa = PBXTargetDependency;
			target = DDD696952AE08690003DE5E4 /* LoginNeobis */;
			targetProxy = DDD696B72AE08692003DE5E4 /* PBXContainerItemProxy */;
		};
/* End PBXTargetDependency section */

/* Begin PBXVariantGroup section */
		DDD6969F2AE08690003DE5E4 /* Main.storyboard */ = {
			isa = PBXVariantGroup;
			children = (
				DDD696A02AE08690003DE5E4 /* Base */,
			);
			name = Main.storyboard;
			sourceTree = "<group>";
		};
		DDD696A42AE08691003DE5E4 /* LaunchScreen.storyboard */ = {
			isa = PBXVariantGroup;
			children = (
				DDD696A52AE08691003DE5E4 /* Base */,
			);
			name = LaunchScreen.storyboard;
			sourceTree = "<group>";
		};
/* End PBXVariantGroup section */

/* Begin XCBuildConfiguration section */
		DDD696BE2AE08692003DE5E4 /* Debug */ = {
			isa = XCBuildConfiguration;
			buildSettings = {
				ALWAYS_SEARCH_USER_PATHS = NO;
				ASSETCATALOG_COMPILER_GENERATE_SWIFT_ASSET_SYMBOL_EXTENSIONS = YES;
				CLANG_ANALYZER_NONNULL = YES;
				CLANG_ANALYZER_NUMBER_OBJECT_CONVERSION = YES_AGGRESSIVE;
				CLANG_CXX_LANGUAGE_STANDARD = "gnu++20";
				CLANG_ENABLE_MODULES = YES;
				CLANG_ENABLE_OBJC_ARC = YES;
				CLANG_ENABLE_OBJC_WEAK = YES;
				CLANG_WARN_BLOCK_CAPTURE_AUTORELEASING = YES;
				CLANG_WARN_BOOL_CONVERSION = YES;
				CLANG_WARN_COMMA = YES;
				CLANG_WARN_CONSTANT_CONVERSION = YES;
				CLANG_WARN_DEPRECATED_OBJC_IMPLEMENTATIONS = YES;
				CLANG_WARN_DIRECT_OBJC_ISA_USAGE = YES_ERROR;
				CLANG_WARN_DOCUMENTATION_COMMENTS = YES;
				CLANG_WARN_EMPTY_BODY = YES;
				CLANG_WARN_ENUM_CONVERSION = YES;
				CLANG_WARN_INFINITE_RECURSION = YES;
				CLANG_WARN_INT_CONVERSION = YES;
				CLANG_WARN_NON_LITERAL_NULL_CONVERSION = YES;
				CLANG_WARN_OBJC_IMPLICIT_RETAIN_SELF = YES;
				CLANG_WARN_OBJC_LITERAL_CONVERSION = YES;
				CLANG_WARN_OBJC_ROOT_CLASS = YES_ERROR;
				CLANG_WARN_QUOTED_INCLUDE_IN_FRAMEWORK_HEADER = YES;
				CLANG_WARN_RANGE_LOOP_ANALYSIS = YES;
				CLANG_WARN_STRICT_PROTOTYPES = YES;
				CLANG_WARN_SUSPICIOUS_MOVE = YES;
				CLANG_WARN_UNGUARDED_AVAILABILITY = YES_AGGRESSIVE;
				CLANG_WARN_UNREACHABLE_CODE = YES;
				CLANG_WARN__DUPLICATE_METHOD_MATCH = YES;
				COPY_PHASE_STRIP = NO;
				DEBUG_INFORMATION_FORMAT = dwarf;
				ENABLE_STRICT_OBJC_MSGSEND = YES;
				ENABLE_TESTABILITY = YES;
				ENABLE_USER_SCRIPT_SANDBOXING = YES;
				GCC_C_LANGUAGE_STANDARD = gnu17;
				GCC_DYNAMIC_NO_PIC = NO;
				GCC_NO_COMMON_BLOCKS = YES;
				GCC_OPTIMIZATION_LEVEL = 0;
				GCC_PREPROCESSOR_DEFINITIONS = (
					"DEBUG=1",
					"$(inherited)",
				);
				GCC_WARN_64_TO_32_BIT_CONVERSION = YES;
				GCC_WARN_ABOUT_RETURN_TYPE = YES_ERROR;
				GCC_WARN_UNDECLARED_SELECTOR = YES;
				GCC_WARN_UNINITIALIZED_AUTOS = YES_AGGRESSIVE;
				GCC_WARN_UNUSED_FUNCTION = YES;
				GCC_WARN_UNUSED_VARIABLE = YES;
				IPHONEOS_DEPLOYMENT_TARGET = 17.0;
				LOCALIZATION_PREFERS_STRING_CATALOGS = YES;
				MTL_ENABLE_DEBUG_INFO = INCLUDE_SOURCE;
				MTL_FAST_MATH = YES;
				ONLY_ACTIVE_ARCH = YES;
				SDKROOT = iphoneos;
				SWIFT_ACTIVE_COMPILATION_CONDITIONS = "DEBUG $(inherited)";
				SWIFT_OPTIMIZATION_LEVEL = "-Onone";
			};
			name = Debug;
		};
		DDD696BF2AE08692003DE5E4 /* Release */ = {
			isa = XCBuildConfiguration;
			buildSettings = {
				ALWAYS_SEARCH_USER_PATHS = NO;
				ASSETCATALOG_COMPILER_GENERATE_SWIFT_ASSET_SYMBOL_EXTENSIONS = YES;
				CLANG_ANALYZER_NONNULL = YES;
				CLANG_ANALYZER_NUMBER_OBJECT_CONVERSION = YES_AGGRESSIVE;
				CLANG_CXX_LANGUAGE_STANDARD = "gnu++20";
				CLANG_ENABLE_MODULES = YES;
				CLANG_ENABLE_OBJC_ARC = YES;
				CLANG_ENABLE_OBJC_WEAK = YES;
				CLANG_WARN_BLOCK_CAPTURE_AUTORELEASING = YES;
				CLANG_WARN_BOOL_CONVERSION = YES;
				CLANG_WARN_COMMA = YES;
				CLANG_WARN_CONSTANT_CONVERSION = YES;
				CLANG_WARN_DEPRECATED_OBJC_IMPLEMENTATIONS = YES;
				CLANG_WARN_DIRECT_OBJC_ISA_USAGE = YES_ERROR;
				CLANG_WARN_DOCUMENTATION_COMMENTS = YES;
				CLANG_WARN_EMPTY_BODY = YES;
				CLANG_WARN_ENUM_CONVERSION = YES;
				CLANG_WARN_INFINITE_RECURSION = YES;
				CLANG_WARN_INT_CONVERSION = YES;
				CLANG_WARN_NON_LITERAL_NULL_CONVERSION = YES;
				CLANG_WARN_OBJC_IMPLICIT_RETAIN_SELF = YES;
				CLANG_WARN_OBJC_LITERAL_CONVERSION = YES;
				CLANG_WARN_OBJC_ROOT_CLASS = YES_ERROR;
				CLANG_WARN_QUOTED_INCLUDE_IN_FRAMEWORK_HEADER = YES;
				CLANG_WARN_RANGE_LOOP_ANALYSIS = YES;
				CLANG_WARN_STRICT_PROTOTYPES = YES;
				CLANG_WARN_SUSPICIOUS_MOVE = YES;
				CLANG_WARN_UNGUARDED_AVAILABILITY = YES_AGGRESSIVE;
				CLANG_WARN_UNREACHABLE_CODE = YES;
				CLANG_WARN__DUPLICATE_METHOD_MATCH = YES;
				COPY_PHASE_STRIP = NO;
				DEBUG_INFORMATION_FORMAT = "dwarf-with-dsym";
				ENABLE_NS_ASSERTIONS = NO;
				ENABLE_STRICT_OBJC_MSGSEND = YES;
				ENABLE_USER_SCRIPT_SANDBOXING = YES;
				GCC_C_LANGUAGE_STANDARD = gnu17;
				GCC_NO_COMMON_BLOCKS = YES;
				GCC_WARN_64_TO_32_BIT_CONVERSION = YES;
				GCC_WARN_ABOUT_RETURN_TYPE = YES_ERROR;
				GCC_WARN_UNDECLARED_SELECTOR = YES;
				GCC_WARN_UNINITIALIZED_AUTOS = YES_AGGRESSIVE;
				GCC_WARN_UNUSED_FUNCTION = YES;
				GCC_WARN_UNUSED_VARIABLE = YES;
				IPHONEOS_DEPLOYMENT_TARGET = 17.0;
				LOCALIZATION_PREFERS_STRING_CATALOGS = YES;
				MTL_ENABLE_DEBUG_INFO = NO;
				MTL_FAST_MATH = YES;
				SDKROOT = iphoneos;
				SWIFT_COMPILATION_MODE = wholemodule;
				VALIDATE_PRODUCT = YES;
			};
			name = Release;
		};
		DDD696C12AE08692003DE5E4 /* Debug */ = {
			isa = XCBuildConfiguration;
			buildSettings = {
				ASSETCATALOG_COMPILER_APPICON_NAME = AppIcon;
				ASSETCATALOG_COMPILER_GLOBAL_ACCENT_COLOR_NAME = AccentColor;
				CODE_SIGN_STYLE = Automatic;
				CURRENT_PROJECT_VERSION = 1;
				DEVELOPMENT_TEAM = H7BR8NTQAT;
				GENERATE_INFOPLIST_FILE = YES;
				INFOPLIST_FILE = LoginNeobis/Info.plist;
				INFOPLIST_KEY_UIApplicationSupportsIndirectInputEvents = YES;
				INFOPLIST_KEY_UILaunchStoryboardName = LaunchScreen;
				INFOPLIST_KEY_UIMainStoryboardFile = Main;
				INFOPLIST_KEY_UISupportedInterfaceOrientations_iPad = "UIInterfaceOrientationPortrait UIInterfaceOrientationPortraitUpsideDown UIInterfaceOrientationLandscapeLeft UIInterfaceOrientationLandscapeRight";
				INFOPLIST_KEY_UISupportedInterfaceOrientations_iPhone = "UIInterfaceOrientationPortrait UIInterfaceOrientationLandscapeLeft UIInterfaceOrientationLandscapeRight";
				LD_RUNPATH_SEARCH_PATHS = (
					"$(inherited)",
					"@executable_path/Frameworks",
				);
				MARKETING_VERSION = 1.0;
				PRODUCT_BUNDLE_IDENTIFIER = burte.LoginNeobis;
				PRODUCT_NAME = "$(TARGET_NAME)";
				SWIFT_EMIT_LOC_STRINGS = YES;
				SWIFT_VERSION = 5.0;
				TARGETED_DEVICE_FAMILY = "1,2";
			};
			name = Debug;
		};
		DDD696C22AE08692003DE5E4 /* Release */ = {
			isa = XCBuildConfiguration;
			buildSettings = {
				ASSETCATALOG_COMPILER_APPICON_NAME = AppIcon;
				ASSETCATALOG_COMPILER_GLOBAL_ACCENT_COLOR_NAME = AccentColor;
				CODE_SIGN_STYLE = Automatic;
				CURRENT_PROJECT_VERSION = 1;
				DEVELOPMENT_TEAM = H7BR8NTQAT;
				GENERATE_INFOPLIST_FILE = YES;
				INFOPLIST_FILE = LoginNeobis/Info.plist;
				INFOPLIST_KEY_UIApplicationSupportsIndirectInputEvents = YES;
				INFOPLIST_KEY_UILaunchStoryboardName = LaunchScreen;
				INFOPLIST_KEY_UIMainStoryboardFile = Main;
				INFOPLIST_KEY_UISupportedInterfaceOrientations_iPad = "UIInterfaceOrientationPortrait UIInterfaceOrientationPortraitUpsideDown UIInterfaceOrientationLandscapeLeft UIInterfaceOrientationLandscapeRight";
				INFOPLIST_KEY_UISupportedInterfaceOrientations_iPhone = "UIInterfaceOrientationPortrait UIInterfaceOrientationLandscapeLeft UIInterfaceOrientationLandscapeRight";
				LD_RUNPATH_SEARCH_PATHS = (
					"$(inherited)",
					"@executable_path/Frameworks",
				);
				MARKETING_VERSION = 1.0;
				PRODUCT_BUNDLE_IDENTIFIER = burte.LoginNeobis;
				PRODUCT_NAME = "$(TARGET_NAME)";
				SWIFT_EMIT_LOC_STRINGS = YES;
				SWIFT_VERSION = 5.0;
				TARGETED_DEVICE_FAMILY = "1,2";
			};
			name = Release;
		};
		DDD696C42AE08692003DE5E4 /* Debug */ = {
			isa = XCBuildConfiguration;
			buildSettings = {
				ALWAYS_EMBED_SWIFT_STANDARD_LIBRARIES = YES;
				BUNDLE_LOADER = "$(TEST_HOST)";
				CODE_SIGN_STYLE = Automatic;
				CURRENT_PROJECT_VERSION = 1;
				DEVELOPMENT_TEAM = H7BR8NTQAT;
				GENERATE_INFOPLIST_FILE = YES;
				IPHONEOS_DEPLOYMENT_TARGET = 17.0;
				MARKETING_VERSION = 1.0;
				PRODUCT_BUNDLE_IDENTIFIER = burte.LoginNeobisTests;
				PRODUCT_NAME = "$(TARGET_NAME)";
				SWIFT_EMIT_LOC_STRINGS = NO;
				SWIFT_VERSION = 5.0;
				TARGETED_DEVICE_FAMILY = "1,2";
				TEST_HOST = "$(BUILT_PRODUCTS_DIR)/LoginNeobis.app/$(BUNDLE_EXECUTABLE_FOLDER_PATH)/LoginNeobis";
			};
			name = Debug;
		};
		DDD696C52AE08692003DE5E4 /* Release */ = {
			isa = XCBuildConfiguration;
			buildSettings = {
				ALWAYS_EMBED_SWIFT_STANDARD_LIBRARIES = YES;
				BUNDLE_LOADER = "$(TEST_HOST)";
				CODE_SIGN_STYLE = Automatic;
				CURRENT_PROJECT_VERSION = 1;
				DEVELOPMENT_TEAM = H7BR8NTQAT;
				GENERATE_INFOPLIST_FILE = YES;
				IPHONEOS_DEPLOYMENT_TARGET = 17.0;
				MARKETING_VERSION = 1.0;
				PRODUCT_BUNDLE_IDENTIFIER = burte.LoginNeobisTests;
				PRODUCT_NAME = "$(TARGET_NAME)";
				SWIFT_EMIT_LOC_STRINGS = NO;
				SWIFT_VERSION = 5.0;
				TARGETED_DEVICE_FAMILY = "1,2";
				TEST_HOST = "$(BUILT_PRODUCTS_DIR)/LoginNeobis.app/$(BUNDLE_EXECUTABLE_FOLDER_PATH)/LoginNeobis";
			};
			name = Release;
		};
		DDD696C72AE08692003DE5E4 /* Debug */ = {
			isa = XCBuildConfiguration;
			buildSettings = {
				ALWAYS_EMBED_SWIFT_STANDARD_LIBRARIES = YES;
				CODE_SIGN_STYLE = Automatic;
				CURRENT_PROJECT_VERSION = 1;
				DEVELOPMENT_TEAM = H7BR8NTQAT;
				GENERATE_INFOPLIST_FILE = YES;
				MARKETING_VERSION = 1.0;
				PRODUCT_BUNDLE_IDENTIFIER = burte.LoginNeobisUITests;
				PRODUCT_NAME = "$(TARGET_NAME)";
				SWIFT_EMIT_LOC_STRINGS = NO;
				SWIFT_VERSION = 5.0;
				TARGETED_DEVICE_FAMILY = "1,2";
				TEST_TARGET_NAME = LoginNeobis;
			};
			name = Debug;
		};
		DDD696C82AE08692003DE5E4 /* Release */ = {
			isa = XCBuildConfiguration;
			buildSettings = {
				ALWAYS_EMBED_SWIFT_STANDARD_LIBRARIES = YES;
				CODE_SIGN_STYLE = Automatic;
				CURRENT_PROJECT_VERSION = 1;
				DEVELOPMENT_TEAM = H7BR8NTQAT;
				GENERATE_INFOPLIST_FILE = YES;
				MARKETING_VERSION = 1.0;
				PRODUCT_BUNDLE_IDENTIFIER = burte.LoginNeobisUITests;
				PRODUCT_NAME = "$(TARGET_NAME)";
				SWIFT_EMIT_LOC_STRINGS = NO;
				SWIFT_VERSION = 5.0;
				TARGETED_DEVICE_FAMILY = "1,2";
				TEST_TARGET_NAME = LoginNeobis;
			};
			name = Release;
		};
/* End XCBuildConfiguration section */

/* Begin XCConfigurationList section */
		DDD696912AE0868F003DE5E4 /* Build configuration list for PBXProject "LoginNeobis" */ = {
			isa = XCConfigurationList;
			buildConfigurations = (
				DDD696BE2AE08692003DE5E4 /* Debug */,
				DDD696BF2AE08692003DE5E4 /* Release */,
			);
			defaultConfigurationIsVisible = 0;
			defaultConfigurationName = Release;
		};
		DDD696C02AE08692003DE5E4 /* Build configuration list for PBXNativeTarget "LoginNeobis" */ = {
			isa = XCConfigurationList;
			buildConfigurations = (
				DDD696C12AE08692003DE5E4 /* Debug */,
				DDD696C22AE08692003DE5E4 /* Release */,
			);
			defaultConfigurationIsVisible = 0;
			defaultConfigurationName = Release;
		};
		DDD696C32AE08692003DE5E4 /* Build configuration list for PBXNativeTarget "LoginNeobisTests" */ = {
			isa = XCConfigurationList;
			buildConfigurations = (
				DDD696C42AE08692003DE5E4 /* Debug */,
				DDD696C52AE08692003DE5E4 /* Release */,
			);
			defaultConfigurationIsVisible = 0;
			defaultConfigurationName = Release;
		};
		DDD696C62AE08692003DE5E4 /* Build configuration list for PBXNativeTarget "LoginNeobisUITests" */ = {
			isa = XCConfigurationList;
			buildConfigurations = (
				DDD696C72AE08692003DE5E4 /* Debug */,
				DDD696C82AE08692003DE5E4 /* Release */,
			);
			defaultConfigurationIsVisible = 0;
			defaultConfigurationName = Release;
		};
/* End XCConfigurationList section */
	};
	rootObject = DDD6968E2AE0868F003DE5E4 /* Project object */;
}
